
Microsoft Visual Studio Solution File, Format Version 12.00
# Visual Studio Version 16
VisualStudioVersion = 16.65535.65535.65535
MinimumVisualStudioVersion = 10.0.40219.1
Project("{FAE04EC0-301F-11D3-BF4B-00C04F79EFBC}") = "vsix", "vsix\vsix.csproj", "{BDC856C1-DC07-4BF0-916E-8FD1419D0ED4}"
EndProject
Project("{FAE04EC0-301F-11D3-BF4B-00C04F79EFBC}") = "HelloWorld", "dll\HelloWorld.csproj", "{9C899D87-5BFA-4886-B701-68C515F1371C}"
EndProject
Global
	GlobalSection(SolutionConfigurationPlatforms) = preSolution
		Debug|Any CPU = Debug|Any CPU
		Release|Any CPU = Release|Any CPU
	EndGlobalSection
	GlobalSection(ProjectConfigurationPlatforms) = postSolution
		{9C899D87-5BFA-4886-B701-68C515F1371C}.Debug|Any CPU.ActiveCfg = Debug|Any CPU
		{9C899D87-5BFA-4886-B701-68C515F1371C}.Debug|Any CPU.Build.0 = Debug|Any CPU
		{9C899D87-5BFA-4886-B701-68C515F1371C}.Release|Any CPU.ActiveCfg = Release|Any CPU
		{9C899D87-5BFA-4886-B701-68C515F1371C}.Release|Any CPU.Build.0 = Release|Any CPU
		{BDC856C1-DC07-4BF0-916E-8FD1419D0ED4}.Debug|Any CPU.ActiveCfg = Debug|Any CPU
		{BDC856C1-DC07-4BF0-916E-8FD1419D0ED4}.Debug|Any CPU.Build.0 = Debug|Any CPU
		{BDC856C1-DC07-4BF0-916E-8FD1419D0ED4}.Release|Any CPU.ActiveCfg = Release|Any CPU
		{BDC856C1-DC07-4BF0-916E-8FD1419D0ED4}.Release|Any CPU.Build.0 = Release|Any CPU
	EndGlobalSection
	GlobalSection(SolutionProperties) = preSolution
		HideSolutionNode = FALSE
	EndGlobalSection
EndGlobal
