
Microsoft Visual Studio Solution File, Format Version 12.00
# Visual Studio Version 16
VisualStudioVersion = 16.0.30804.86
MinimumVisualStudioVersion = 10.0.40219.1
Project("{9A19103F-16F7-4668-BE54-9A1E7A4F7556}") = "IrisCompiler", "IrisCompiler\IrisCompiler.csproj", "{5FD34F13-044C-4D4F-9EA9-95E451C4B5C7}"
EndProject
Project("{9A19103F-16F7-4668-BE54-9A1E7A4F7556}") = "icCore", "ic\icCore.csproj", "{A890DB96-E616-4614-87C9-DD344FA119D4}"
EndProject
Project("{9A19103F-16F7-4668-BE54-9A1E7A4F7556}") = "IrisRuntime", "IrisRuntime\IrisRuntime.csproj", "{D28E0A94-8509-4C95-992E-16E564DFDD9A}"
EndProject
Project("{9A19103F-16F7-4668-BE54-9A1E7A4F7556}") = "IrisExtensionCore", "IrisExtension\IrisExtensionCore.csproj", "{F4DBD626-B8D7-47E2-A6C9-94C15CAC1708}"
EndProject
Global
	GlobalSection(SolutionConfigurationPlatforms) = preSolution
		Debug|Any CPU = Debug|Any CPU
		Release|Any CPU = Release|Any CPU
	EndGlobalSection
	GlobalSection(ProjectConfigurationPlatforms) = postSolution
		{5FD34F13-044C-4D4F-9EA9-95E451C4B5C7}.Debug|Any CPU.ActiveCfg = Debug|Any CPU
		{5FD34F13-044C-4D4F-9EA9-95E451C4B5C7}.Debug|Any CPU.Build.0 = Debug|Any CPU
		{5FD34F13-044C-4D4F-9EA9-95E451C4B5C7}.Release|Any CPU.ActiveCfg = Release|Any CPU
		{5FD34F13-044C-4D4F-9EA9-95E451C4B5C7}.Release|Any CPU.Build.0 = Release|Any CPU
		{A890DB96-E616-4614-87C9-DD344FA119D4}.Debug|Any CPU.ActiveCfg = Debug|Any CPU
		{A890DB96-E616-4614-87C9-DD344FA119D4}.Debug|Any CPU.Build.0 = Debug|Any CPU
		{A890DB96-E616-4614-87C9-DD344FA119D4}.Release|Any CPU.ActiveCfg = Release|Any CPU
		{A890DB96-E616-4614-87C9-DD344FA119D4}.Release|Any CPU.Build.0 = Release|Any CPU
		{D28E0A94-8509-4C95-992E-16E564DFDD9A}.Debug|Any CPU.ActiveCfg = Debug|Any CPU
		{D28E0A94-8509-4C95-992E-16E564DFDD9A}.Debug|Any CPU.Build.0 = Debug|Any CPU
		{D28E0A94-8509-4C95-992E-16E564DFDD9A}.Release|Any CPU.ActiveCfg = Release|Any CPU
		{D28E0A94-8509-4C95-992E-16E564DFDD9A}.Release|Any CPU.Build.0 = Release|Any CPU
		{F4DBD626-B8D7-47E2-A6C9-94C15CAC1708}.Debug|Any CPU.ActiveCfg = Debug|Any CPU
		{F4DBD626-B8D7-47E2-A6C9-94C15CAC1708}.Debug|Any CPU.Build.0 = Debug|Any CPU
		{F4DBD626-B8D7-47E2-A6C9-94C15CAC1708}.Release|Any CPU.ActiveCfg = Release|Any CPU
		{F4DBD626-B8D7-47E2-A6C9-94C15CAC1708}.Release|Any CPU.Build.0 = Release|Any CPU
	EndGlobalSection
	GlobalSection(SolutionProperties) = preSolution
		HideSolutionNode = FALSE
	EndGlobalSection
	GlobalSection(ExtensibilityGlobals) = postSolution
		SolutionGuid = {94DB3059-68D1-468F-8262-E64253758935}
	EndGlobalSection
EndGlobal
