
Microsoft Visual Studio Solution File, Format Version 12.00
# Visual Studio Version 16
VisualStudioVersion = 16.0.30915.11
MinimumVisualStudioVersion = 10.0.40219.1
Project("{9A19103F-16F7-4668-BE54-9A1E7A4F7556}") = "TicTacToe", "TicTacToe.csproj", "{4D255E19-A90B-44EC-81DB-297A965490AD}"
EndProject
Global
	GlobalSection(SolutionConfigurationPlatforms) = preSolution
		Debug|Any CPU = Debug|Any CPU
		Release|Any CPU = Release|Any CPU
	EndGlobalSection
	GlobalSection(ProjectConfigurationPlatforms) = postSolution
		{4D255E19-A90B-44EC-81DB-297A965490AD}.Debug|Any CPU.ActiveCfg = Debug|Any CPU
		{4D255E19-A90B-44EC-81DB-297A965490AD}.Debug|Any CPU.Build.0 = Debug|Any CPU
		{4D255E19-A90B-44EC-81DB-297A965490AD}.Release|Any CPU.ActiveCfg = Release|Any CPU
		{4D255E19-A90B-44EC-81DB-297A965490AD}.Release|Any CPU.Build.0 = Release|Any CPU
	EndGlobalSection
	GlobalSection(SolutionProperties) = preSolution
		HideSolutionNode = FALSE
	EndGlobalSection
	GlobalSection(ExtensibilityGlobals) = postSolution
		SolutionGuid = {95F71EEE-2517-4209-B4AB-39CE4F52622F}
	EndGlobalSection
EndGlobal
